hash: 840983bddabb65dd0efe51ae1686c4abfcd6e24cc1828a74abbd703e7eff37cf
updated: 2018-04-15T16:32:41.992505+03:00
imports:
- name: github.com/globalsign/mgo
  version: f76e4f9da92ecd56e3be26f5ba92580af1ef97b4
  subpackages:
  - bson
  - internal/json
  - internal/sasl
  - internal/scram
testImports:
- name: github.com/icza/mighty
  version: 6304d21ca6455c798ab31653f668c1f5577128de
